
Microsoft Visual Studio Solution File, Format Version 12.00
# Visual Studio Version 16
VisualStudioVersion = 16.0.30804.86
MinimumVisualStudioVersion = 10.0.40219.1
Project("{FAE04EC0-301F-11D3-BF4B-00C04F79EFBC}") = "ClientProxy-P4-125", "ClientProxy-P4-125.csproj", "{43C9DAAE-0DA7-44D4-A4C2-7835ECAE5A99}"
EndProject
Global
	GlobalSection(SolutionConfigurationPlatforms) = preSolution
		Debug|Any CPU = Debug|Any CPU
		Release|Any CPU = Release|Any CPU
	EndGlobalSection
	GlobalSection(ProjectConfigurationPlatforms) = postSolution
		{43C9DAAE-0DA7-44D4-A4C2-7835ECAE5A99}.Debug|Any CPU.ActiveCfg = Debug|Any CPU
		{43C9DAAE-0DA7-44D4-A4C2-7835ECAE5A99}.Debug|Any CPU.Build.0 = Debug|Any CPU
		{43C9DAAE-0DA7-44D4-A4C2-7835ECAE5A99}.Release|Any CPU.ActiveCfg = Release|Any CPU
		{43C9DAAE-0DA7-44D4-A4C2-7835ECAE5A99}.Release|Any CPU.Build.0 = Release|Any CPU
	EndGlobalSection
	GlobalSection(SolutionProperties) = preSolution
		HideSolutionNode = FALSE
	EndGlobalSection
	GlobalSection(ExtensibilityGlobals) = postSolution
		SolutionGuid = {6436838A-4470-43F5-B797-5302B851269A}
	EndGlobalSection
EndGlobal
